// !$*UTF8*$!
{
	archiveVersion = 1;
	classes = {
	};
	objectVersion = 50;
	objects = {

/* Begin PBXBuildFile section */
		0BAB9CF122CE7BE500E84E72 /* Player.swift in Sources */ = {isa = PBXBuildFile; fileRef = 0BAB9CF022CE7BE500E84E72 /* Player.swift */; };
		0BAB9CF522CE876500E84E72 /* LevelGameScene.swift in Sources */ = {isa = PBXBuildFile; fileRef = 0BAB9CF422CE876500E84E72 /* LevelGameScene.swift */; };
		0BF13B9922CBB1AF007DACD8 /* Level1GameScene.sks in Resources */ = {isa = PBXBuildFile; fileRef = 0BF13B9822CBB1AF007DACD8 /* Level1GameScene.sks */; };
		0BF13B9B22CBB1DD007DACD8 /* Level1GameScene.swift in Sources */ = {isa = PBXBuildFile; fileRef = 0BF13B9A22CBB1DD007DACD8 /* Level1GameScene.swift */; };
		0BF13B9D22CBB1EB007DACD8 /* Level1GameViewController.swift in Sources */ = {isa = PBXBuildFile; fileRef = 0BF13B9C22CBB1EB007DACD8 /* Level1GameViewController.swift */; };
		0BF13B9F22CBB210007DACD8 /* Level1.xcassets in Resources */ = {isa = PBXBuildFile; fileRef = 0BF13B9E22CBB210007DACD8 /* Level1.xcassets */; };
		0BF13BA322CBB2C8007DACD8 /* Player.xcassets in Resources */ = {isa = PBXBuildFile; fileRef = 0BF13BA222CBB2C8007DACD8 /* Player.xcassets */; };
		0BF13BA522CBB711007DACD8 /* Default-568h@2x.png in Resources */ = {isa = PBXBuildFile; fileRef = 0BF13BA422CBB711007DACD8 /* Default-568h@2x.png */; };
		159E063D22CBC12B00911F35 /* Level2GameScene.swift in Sources */ = {isa = PBXBuildFile; fileRef = 159E063C22CBC12B00911F35 /* Level2GameScene.swift */; };
		159E063F22CBC25400911F35 /* Level2GameViewController.swift in Sources */ = {isa = PBXBuildFile; fileRef = 159E063E22CBC25400911F35 /* Level2GameViewController.swift */; };
		3CBF82E422CA39F40089A5BE /* AppDelegate.swift in Sources */ = {isa = PBXBuildFile; fileRef = 3CBF82E322CA39F40089A5BE /* AppDelegate.swift */; };
		3CBF82EA22CA39F40089A5BE /* GameScene.swift in Sources */ = {isa = PBXBuildFile; fileRef = 3CBF82E922CA39F40089A5BE /* GameScene.swift */; };
		3CBF82EC22CA39F40089A5BE /* GameViewController.swift in Sources */ = {isa = PBXBuildFile; fileRef = 3CBF82EB22CA39F40089A5BE /* GameViewController.swift */; };
		3CBF82EF22CA39F40089A5BE /* Main.storyboard in Resources */ = {isa = PBXBuildFile; fileRef = 3CBF82ED22CA39F40089A5BE /* Main.storyboard */; };
		3CBF82F122CA39F60089A5BE /* Images.xcassets in Resources */ = {isa = PBXBuildFile; fileRef = 3CBF82F022CA39F60089A5BE /* Images.xcassets */; };
		3CBF82F422CA39F60089A5BE /* LaunchScreen.storyboard in Resources */ = {isa = PBXBuildFile; fileRef = 3CBF82F222CA39F60089A5BE /* LaunchScreen.storyboard */; };
		3CBF82FF22CB88750089A5BE /* MovimentedPerson.swift in Sources */ = {isa = PBXBuildFile; fileRef = 3CBF82FE22CB88750089A5BE /* MovimentedPerson.swift */; };
		3CBF830A22CBA1B30089A5BE /* Level2.xcassets in Resources */ = {isa = PBXBuildFile; fileRef = 3CBF830922CBA1B30089A5BE /* Level2.xcassets */; };
		3CBF830C22CBA1D30089A5BE /* Level3.xcassets in Resources */ = {isa = PBXBuildFile; fileRef = 3CBF830B22CBA1D30089A5BE /* Level3.xcassets */; };
		3CBF831022CBA27D0089A5BE /* Level1.plist in Resources */ = {isa = PBXBuildFile; fileRef = 3CBF830F22CBA27D0089A5BE /* Level1.plist */; };
		3CBF831222CBA28E0089A5BE /* Level2.plist in Resources */ = {isa = PBXBuildFile; fileRef = 3CBF831122CBA28E0089A5BE /* Level2.plist */; };
		3CBF831422CBA2A00089A5BE /* Level3.plist in Resources */ = {isa = PBXBuildFile; fileRef = 3CBF831322CBA2A00089A5BE /* Level3.plist */; };
		3CBF831822CBA3C40089A5BE /* Level2GameScene.sks in Resources */ = {isa = PBXBuildFile; fileRef = 3CBF831722CBA3C40089A5BE /* Level2GameScene.sks */; };
		3CBF831C22CBA3EC0089A5BE /* Level3.sks in Resources */ = {isa = PBXBuildFile; fileRef = 3CBF831B22CBA3EC0089A5BE /* Level3.sks */; };
		3CBF832022CBA5CD0089A5BE /* Player.sks in Resources */ = {isa = PBXBuildFile; fileRef = 3CBF831F22CBA5CD0089A5BE /* Player.sks */; };
		3CBF832222CBA5F00089A5BE /* Security.sks in Resources */ = {isa = PBXBuildFile; fileRef = 3CBF832122CBA5F00089A5BE /* Security.sks */; };
		3CBF832622CBA6120089A5BE /* Security.xcassets in Resources */ = {isa = PBXBuildFile; fileRef = 3CBF832522CBA6120089A5BE /* Security.xcassets */; };
		3CBF832822CBA6280089A5BE /* Player.plist in Resources */ = {isa = PBXBuildFile; fileRef = 3CBF832722CBA6280089A5BE /* Player.plist */; };
		3CBF832A22CBA6390089A5BE /* Security.plist in Resources */ = {isa = PBXBuildFile; fileRef = 3CBF832922CBA6390089A5BE /* Security.plist */; };
/* End PBXBuildFile section */

/* Begin PBXFileReference section */
		0BAB9CF022CE7BE500E84E72 /* Player.swift */ = {isa = PBXFileReference; lastKnownFileType = sourcecode.swift; path = Player.swift; sourceTree = "<group>"; };
		0BAB9CF422CE876500E84E72 /* LevelGameScene.swift */ = {isa = PBXFileReference; lastKnownFileType = sourcecode.swift; path = LevelGameScene.swift; sourceTree = "<group>"; };
		0BF13B9822CBB1AF007DACD8 /* Level1GameScene.sks */ = {isa = PBXFileReference; lastKnownFileType = file.sks; path = Level1GameScene.sks; sourceTree = "<group>"; };
		0BF13B9A22CBB1DD007DACD8 /* Level1GameScene.swift */ = {isa = PBXFileReference; fileEncoding = 4; lastKnownFileType = sourcecode.swift; path = Level1GameScene.swift; sourceTree = "<group>"; };
		0BF13B9C22CBB1EB007DACD8 /* Level1GameViewController.swift */ = {isa = PBXFileReference; fileEncoding = 4; lastKnownFileType = sourcecode.swift; path = Level1GameViewController.swift; sourceTree = "<group>"; };
		0BF13B9E22CBB210007DACD8 /* Level1.xcassets */ = {isa = PBXFileReference; lastKnownFileType = folder.assetcatalog; path = Level1.xcassets; sourceTree = "<group>"; };
		0BF13BA222CBB2C8007DACD8 /* Player.xcassets */ = {isa = PBXFileReference; lastKnownFileType = folder.assetcatalog; path = Player.xcassets; sourceTree = "<group>"; };
		0BF13BA422CBB711007DACD8 /* Default-568h@2x.png */ = {isa = PBXFileReference; lastKnownFileType = image.png; path = "Default-568h@2x.png"; sourceTree = "<group>"; };
		159E063C22CBC12B00911F35 /* Level2GameScene.swift */ = {isa = PBXFileReference; lastKnownFileType = sourcecode.swift; path = Level2GameScene.swift; sourceTree = "<group>"; };
		159E063E22CBC25400911F35 /* Level2GameViewController.swift */ = {isa = PBXFileReference; lastKnownFileType = sourcecode.swift; path = Level2GameViewController.swift; sourceTree = "<group>"; };
		3CBF82E022CA39F40089A5BE /* DistopiaGame.app */ = {isa = PBXFileReference; explicitFileType = wrapper.application; includeInIndex = 0; path = DistopiaGame.app; sourceTree = BUILT_PRODUCTS_DIR; };
		3CBF82E322CA39F40089A5BE /* AppDelegate.swift */ = {isa = PBXFileReference; lastKnownFileType = sourcecode.swift; path = AppDelegate.swift; sourceTree = "<group>"; };
		3CBF82E922CA39F40089A5BE /* GameScene.swift */ = {isa = PBXFileReference; lastKnownFileType = sourcecode.swift; path = GameScene.swift; sourceTree = "<group>"; };
		3CBF82EB22CA39F40089A5BE /* GameViewController.swift */ = {isa = PBXFileReference; lastKnownFileType = sourcecode.swift; path = GameViewController.swift; sourceTree = "<group>"; };
		3CBF82EE22CA39F40089A5BE /* Base */ = {isa = PBXFileReference; lastKnownFileType = file.storyboard; name = Base; path = Base.lproj/Main.storyboard; sourceTree = "<group>"; };
		3CBF82F022CA39F60089A5BE /* Images.xcassets */ = {isa = PBXFileReference; lastKnownFileType = folder.assetcatalog; path = Images.xcassets; sourceTree = "<group>"; };
		3CBF82F322CA39F60089A5BE /* Base */ = {isa = PBXFileReference; lastKnownFileType = file.storyboard; name = Base; path = Base.lproj/LaunchScreen.storyboard; sourceTree = "<group>"; };
		3CBF82F522CA39F60089A5BE /* Info.plist */ = {isa = PBXFileReference; lastKnownFileType = text.plist.xml; path = Info.plist; sourceTree = "<group>"; };
		3CBF82FE22CB88750089A5BE /* MovimentedPerson.swift */ = {isa = PBXFileReference; lastKnownFileType = sourcecode.swift; path = MovimentedPerson.swift; sourceTree = "<group>"; };
		3CBF830922CBA1B30089A5BE /* Level2.xcassets */ = {isa = PBXFileReference; lastKnownFileType = folder.assetcatalog; path = Level2.xcassets; sourceTree = "<group>"; };
		3CBF830B22CBA1D30089A5BE /* Level3.xcassets */ = {isa = PBXFileReference; lastKnownFileType = folder.assetcatalog; path = Level3.xcassets; sourceTree = "<group>"; };
		3CBF830F22CBA27D0089A5BE /* Level1.plist */ = {isa = PBXFileReference; lastKnownFileType = text.plist.xml; path = Level1.plist; sourceTree = "<group>"; };
		3CBF831122CBA28E0089A5BE /* Level2.plist */ = {isa = PBXFileReference; lastKnownFileType = text.plist.xml; path = Level2.plist; sourceTree = "<group>"; };
		3CBF831322CBA2A00089A5BE /* Level3.plist */ = {isa = PBXFileReference; lastKnownFileType = text.plist.xml; path = Level3.plist; sourceTree = "<group>"; };
		3CBF831722CBA3C40089A5BE /* Level2GameScene.sks */ = {isa = PBXFileReference; lastKnownFileType = file.sks; path = Level2GameScene.sks; sourceTree = "<group>"; };
		3CBF831B22CBA3EC0089A5BE /* Level3.sks */ = {isa = PBXFileReference; lastKnownFileType = file.sks; path = Level3.sks; sourceTree = "<group>"; };
		3CBF831F22CBA5CD0089A5BE /* Player.sks */ = {isa = PBXFileReference; lastKnownFileType = file.sks; path = Player.sks; sourceTree = "<group>"; };
		3CBF832122CBA5F00089A5BE /* Security.sks */ = {isa = PBXFileReference; lastKnownFileType = file.sks; path = Security.sks; sourceTree = "<group>"; };
		3CBF832522CBA6120089A5BE /* Security.xcassets */ = {isa = PBXFileReference; lastKnownFileType = folder.assetcatalog; path = Security.xcassets; sourceTree = "<group>"; };
		3CBF832722CBA6280089A5BE /* Player.plist */ = {isa = PBXFileReference; lastKnownFileType = text.plist.xml; path = Player.plist; sourceTree = "<group>"; };
		3CBF832922CBA6390089A5BE /* Security.plist */ = {isa = PBXFileReference; lastKnownFileType = text.plist.xml; path = Security.plist; sourceTree = "<group>"; };
/* End PBXFileReference section */

/* Begin PBXFrameworksBuildPhase section */
		3CBF82DD22CA39F40089A5BE /* Frameworks */ = {
			isa = PBXFrameworksBuildPhase;
			buildActionMask = 2147483647;
			files = (
			);
			runOnlyForDeploymentPostprocessing = 0;
		};
/* End PBXFrameworksBuildPhase section */

/* Begin PBXGroup section */
		0BF13BA022CBB262007DACD8 /* ViewControllers */ = {
			isa = PBXGroup;
			children = (
				0BF13B9C22CBB1EB007DACD8 /* Level1GameViewController.swift */,
				159E063E22CBC25400911F35 /* Level2GameViewController.swift */,
			);
			path = ViewControllers;
			sourceTree = "<group>";
		};
		0BF13BA122CBB273007DACD8 /* Scenes */ = {
			isa = PBXGroup;
			children = (
				0BAB9CF422CE876500E84E72 /* LevelGameScene.swift */,
				0BF13B9A22CBB1DD007DACD8 /* Level1GameScene.swift */,
				159E063C22CBC12B00911F35 /* Level2GameScene.swift */,
			);
			path = Scenes;
			sourceTree = "<group>";
		};
		3CBF82D722CA39F40089A5BE = {
			isa = PBXGroup;
			children = (
				0BF13BA422CBB711007DACD8 /* Default-568h@2x.png */,
				3CBF82E222CA39F40089A5BE /* DistopiaGame */,
				3CBF82E122CA39F40089A5BE /* Products */,
			);
			sourceTree = "<group>";
		};
		3CBF82E122CA39F40089A5BE /* Products */ = {
			isa = PBXGroup;
			children = (
				3CBF82E022CA39F40089A5BE /* DistopiaGame.app */,
			);
			name = Products;
			sourceTree = "<group>";
		};
		3CBF82E222CA39F40089A5BE /* DistopiaGame */ = {
			isa = PBXGroup;
			children = (
				3CBF82FC22CB87940089A5BE /* movementsPerson */,
				3CBF82FB22CB86CF0089A5BE /* Stages */,
				3CBF830022CBA0830089A5BE /* Assets */,
				3CBF82E322CA39F40089A5BE /* AppDelegate.swift */,
				3CBF82E922CA39F40089A5BE /* GameScene.swift */,
				3CBF82ED22CA39F40089A5BE /* Main.storyboard */,
				3CBF82EB22CA39F40089A5BE /* GameViewController.swift */,
				3CBF82F222CA39F60089A5BE /* LaunchScreen.storyboard */,
				3CBF82F522CA39F60089A5BE /* Info.plist */,
			);
			path = DistopiaGame;
			sourceTree = "<group>";
		};
		3CBF82FB22CB86CF0089A5BE /* Stages */ = {
			isa = PBXGroup;
			children = (
				0BF13BA122CBB273007DACD8 /* Scenes */,
				0BF13BA022CBB262007DACD8 /* ViewControllers */,
			);
			path = Stages;
			sourceTree = "<group>";
		};
		3CBF82FC22CB87940089A5BE /* movementsPerson */ = {
			isa = PBXGroup;
			children = (
				3CBF82FE22CB88750089A5BE /* MovimentedPerson.swift */,
			);
			path = movementsPerson;
			sourceTree = "<group>";
		};
		3CBF830022CBA0830089A5BE /* Assets */ = {
			isa = PBXGroup;
			children = (
				3CBF82F022CA39F60089A5BE /* Images.xcassets */,
				3CBF830122CBA0C30089A5BE /* Scenes */,
				3CBF831D22CBA5820089A5BE /* Player */,
				3CBF831E22CBA5920089A5BE /* Security */,
			);
			path = Assets;
			sourceTree = "<group>";
		};
		3CBF830122CBA0C30089A5BE /* Scenes */ = {
			isa = PBXGroup;
			children = (
				3CBF830222CBA0D90089A5BE /* Level1 */,
				3CBF830322CBA0FA0089A5BE /* Level2 */,
				3CBF830422CBA1060089A5BE /* Level3 */,
			);
			path = Scenes;
			sourceTree = "<group>";
		};
		3CBF830222CBA0D90089A5BE /* Level1 */ = {
			isa = PBXGroup;
			children = (
				0BF13B9822CBB1AF007DACD8 /* Level1GameScene.sks */,
				3CBF830F22CBA27D0089A5BE /* Level1.plist */,
				0BF13B9E22CBB210007DACD8 /* Level1.xcassets */,
			);
			path = Level1;
			sourceTree = "<group>";
		};
		3CBF830322CBA0FA0089A5BE /* Level2 */ = {
			isa = PBXGroup;
			children = (
				3CBF830922CBA1B30089A5BE /* Level2.xcassets */,
				3CBF831122CBA28E0089A5BE /* Level2.plist */,
				3CBF831722CBA3C40089A5BE /* Level2GameScene.sks */,
			);
			path = Level2;
			sourceTree = "<group>";
		};
		3CBF830422CBA1060089A5BE /* Level3 */ = {
			isa = PBXGroup;
			children = (
				3CBF830B22CBA1D30089A5BE /* Level3.xcassets */,
				3CBF831322CBA2A00089A5BE /* Level3.plist */,
				3CBF831B22CBA3EC0089A5BE /* Level3.sks */,
			);
			path = Level3;
			sourceTree = "<group>";
		};
		3CBF831D22CBA5820089A5BE /* Player */ = {
			isa = PBXGroup;
			children = (
				3CBF831F22CBA5CD0089A5BE /* Player.sks */,
				0BAB9CF022CE7BE500E84E72 /* Player.swift */,
				3CBF832722CBA6280089A5BE /* Player.plist */,
				0BF13BA222CBB2C8007DACD8 /* Player.xcassets */,
			);
			path = Player;
			sourceTree = "<group>";
		};
		3CBF831E22CBA5920089A5BE /* Security */ = {
			isa = PBXGroup;
			children = (
				3CBF832122CBA5F00089A5BE /* Security.sks */,
				3CBF832522CBA6120089A5BE /* Security.xcassets */,
				3CBF832922CBA6390089A5BE /* Security.plist */,
			);
			path = Security;
			sourceTree = "<group>";
		};
/* End PBXGroup section */

/* Begin PBXNativeTarget section */
		3CBF82DF22CA39F40089A5BE /* DistopiaGame */ = {
			isa = PBXNativeTarget;
			buildConfigurationList = 3CBF82F822CA39F60089A5BE /* Build configuration list for PBXNativeTarget "DistopiaGame" */;
			buildPhases = (
				3CBF82DC22CA39F40089A5BE /* Sources */,
				3CBF82DD22CA39F40089A5BE /* Frameworks */,
				3CBF82DE22CA39F40089A5BE /* Resources */,
			);
			buildRules = (
			);
			dependencies = (
			);
			name = DistopiaGame;
			productName = DistopiaGame;
			productReference = 3CBF82E022CA39F40089A5BE /* DistopiaGame.app */;
			productType = "com.apple.product-type.application";
		};
/* End PBXNativeTarget section */

/* Begin PBXProject section */
		3CBF82D822CA39F40089A5BE /* Project object */ = {
			isa = PBXProject;
			attributes = {
				LastSwiftUpdateCheck = 1020;
				LastUpgradeCheck = 1020;
				ORGANIZATIONNAME = anthony.gianeli;
				TargetAttributes = {
					3CBF82DF22CA39F40089A5BE = {
						CreatedOnToolsVersion = 10.2.1;
					};
				};
			};
			buildConfigurationList = 3CBF82DB22CA39F40089A5BE /* Build configuration list for PBXProject "DistopiaGame" */;
			compatibilityVersion = "Xcode 9.3";
			developmentRegion = en;
			hasScannedForEncodings = 0;
			knownRegions = (
				en,
				Base,
			);
			mainGroup = 3CBF82D722CA39F40089A5BE;
			productRefGroup = 3CBF82E122CA39F40089A5BE /* Products */;
			projectDirPath = "";
			projectRoot = "";
			targets = (
				3CBF82DF22CA39F40089A5BE /* DistopiaGame */,
			);
		};
/* End PBXProject section */

/* Begin PBXResourcesBuildPhase section */
		3CBF82DE22CA39F40089A5BE /* Resources */ = {
			isa = PBXResourcesBuildPhase;
			buildActionMask = 2147483647;
			files = (
				3CBF831C22CBA3EC0089A5BE /* Level3.sks in Resources */,
				3CBF832222CBA5F00089A5BE /* Security.sks in Resources */,
				3CBF831222CBA28E0089A5BE /* Level2.plist in Resources */,
				3CBF832622CBA6120089A5BE /* Security.xcassets in Resources */,
				3CBF82EF22CA39F40089A5BE /* Main.storyboard in Resources */,
				3CBF830C22CBA1D30089A5BE /* Level3.xcassets in Resources */,
				0BF13B9922CBB1AF007DACD8 /* Level1GameScene.sks in Resources */,
				3CBF831822CBA3C40089A5BE /* Level2GameScene.sks in Resources */,
				3CBF831022CBA27D0089A5BE /* Level1.plist in Resources */,
				3CBF832A22CBA6390089A5BE /* Security.plist in Resources */,
				0BF13BA322CBB2C8007DACD8 /* Player.xcassets in Resources */,
				3CBF82F122CA39F60089A5BE /* Images.xcassets in Resources */,
				0BF13BA522CBB711007DACD8 /* Default-568h@2x.png in Resources */,
				3CBF82F422CA39F60089A5BE /* LaunchScreen.storyboard in Resources */,
				3CBF832022CBA5CD0089A5BE /* Player.sks in Resources */,
				3CBF830A22CBA1B30089A5BE /* Level2.xcassets in Resources */,
				3CBF832822CBA6280089A5BE /* Player.plist in Resources */,
				0BF13B9F22CBB210007DACD8 /* Level1.xcassets in Resources */,
				3CBF831422CBA2A00089A5BE /* Level3.plist in Resources */,
			);
			runOnlyForDeploymentPostprocessing = 0;
		};
/* End PBXResourcesBuildPhase section */

/* Begin PBXSourcesBuildPhase section */
		3CBF82DC22CA39F40089A5BE /* Sources */ = {
			isa = PBXSourcesBuildPhase;
			buildActionMask = 2147483647;
			files = (
				3CBF82FF22CB88750089A5BE /* MovimentedPerson.swift in Sources */,
				3CBF82EA22CA39F40089A5BE /* GameScene.swift in Sources */,
				159E063D22CBC12B00911F35 /* Level2GameScene.swift in Sources */,
				159E063F22CBC25400911F35 /* Level2GameViewController.swift in Sources */,
				0BF13B9D22CBB1EB007DACD8 /* Level1GameViewController.swift in Sources */,
				3CBF82EC22CA39F40089A5BE /* GameViewController.swift in Sources */,
				0BF13B9B22CBB1DD007DACD8 /* Level1GameScene.swift in Sources */,
				0BAB9CF122CE7BE500E84E72 /* Player.swift in Sources */,
				3CBF82E422CA39F40089A5BE /* AppDelegate.swift in Sources */,
				0BAB9CF522CE876500E84E72 /* LevelGameScene.swift in Sources */,
			);
			runOnlyForDeploymentPostprocessing = 0;
		};
/* End PBXSourcesBuildPhase section */

/* Begin PBXVariantGroup section */
		3CBF82ED22CA39F40089A5BE /* Main.storyboard */ = {
			isa = PBXVariantGroup;
			children = (
				3CBF82EE22CA39F40089A5BE /* Base */,
			);
			name = Main.storyboard;
			sourceTree = "<group>";
		};
		3CBF82F222CA39F60089A5BE /* LaunchScreen.storyboard */ = {
			isa = PBXVariantGroup;
			children = (
				3CBF82F322CA39F60089A5BE /* Base */,
			);
			name = LaunchScreen.storyboard;
			sourceTree = "<group>";
		};
/* End PBXVariantGroup section */

/* Begin XCBuildConfiguration section */
		3CBF82F622CA39F60089A5BE /* Debug */ = {
			isa = XCBuildConfiguration;
			buildSettings = {
				ALWAYS_SEARCH_USER_PATHS = NO;
				CLANG_ANALYZER_NONNULL = YES;
				CLANG_ANALYZER_NUMBER_OBJECT_CONVERSION = YES_AGGRESSIVE;
				CLANG_CXX_LANGUAGE_STANDARD = "gnu++14";
				CLANG_CXX_LIBRARY = "libc++";
				CLANG_ENABLE_MODULES = YES;
				CLANG_ENABLE_OBJC_ARC = YES;
				CLANG_ENABLE_OBJC_WEAK = YES;
				CLANG_WARN_BLOCK_CAPTURE_AUTORELEASING = YES;
				CLANG_WARN_BOOL_CONVERSION = YES;
				CLANG_WARN_COMMA = YES;
				CLANG_WARN_CONSTANT_CONVERSION = YES;
				CLANG_WARN_DEPRECATED_OBJC_IMPLEMENTATIONS = YES;
				CLANG_WARN_DIRECT_OBJC_ISA_USAGE = YES_ERROR;
				CLANG_WARN_DOCUMENTATION_COMMENTS = YES;
				CLANG_WARN_EMPTY_BODY = YES;
				CLANG_WARN_ENUM_CONVERSION = YES;
				CLANG_WARN_INFINITE_RECURSION = YES;
				CLANG_WARN_INT_CONVERSION = YES;
				CLANG_WARN_NON_LITERAL_NULL_CONVERSION = YES;
				CLANG_WARN_OBJC_IMPLICIT_RETAIN_SELF = YES;
				CLANG_WARN_OBJC_LITERAL_CONVERSION = YES;
				CLANG_WARN_OBJC_ROOT_CLASS = YES_ERROR;
				CLANG_WARN_RANGE_LOOP_ANALYSIS = YES;
				CLANG_WARN_STRICT_PROTOTYPES = YES;
				CLANG_WARN_SUSPICIOUS_MOVE = YES;
				CLANG_WARN_UNGUARDED_AVAILABILITY = YES_AGGRESSIVE;
				CLANG_WARN_UNREACHABLE_CODE = YES;
				CLANG_WARN__DUPLICATE_METHOD_MATCH = YES;
				CODE_SIGN_IDENTITY = "iPhone Developer";
				COPY_PHASE_STRIP = NO;
				DEBUG_INFORMATION_FORMAT = dwarf;
				ENABLE_STRICT_OBJC_MSGSEND = YES;
				ENABLE_TESTABILITY = YES;
				GCC_C_LANGUAGE_STANDARD = gnu11;
				GCC_DYNAMIC_NO_PIC = NO;
				GCC_NO_COMMON_BLOCKS = YES;
				GCC_OPTIMIZATION_LEVEL = 0;
				GCC_PREPROCESSOR_DEFINITIONS = (
					"DEBUG=1",
					"$(inherited)",
				);
				GCC_WARN_64_TO_32_BIT_CONVERSION = YES;
				GCC_WARN_ABOUT_RETURN_TYPE = YES_ERROR;
				GCC_WARN_UNDECLARED_SELECTOR = YES;
				GCC_WARN_UNINITIALIZED_AUTOS = YES_AGGRESSIVE;
				GCC_WARN_UNUSED_FUNCTION = YES;
				GCC_WARN_UNUSED_VARIABLE = YES;
				IPHONEOS_DEPLOYMENT_TARGET = 12.2;
				MTL_ENABLE_DEBUG_INFO = INCLUDE_SOURCE;
				MTL_FAST_MATH = YES;
				ONLY_ACTIVE_ARCH = YES;
				SDKROOT = iphoneos;
				SWIFT_ACTIVE_COMPILATION_CONDITIONS = DEBUG;
				SWIFT_OPTIMIZATION_LEVEL = "-Onone";
			};
			name = Debug;
		};
		3CBF82F722CA39F60089A5BE /* Release */ = {
			isa = XCBuildConfiguration;
			buildSettings = {
				ALWAYS_SEARCH_USER_PATHS = NO;
				CLANG_ANALYZER_NONNULL = YES;
				CLANG_ANALYZER_NUMBER_OBJECT_CONVERSION = YES_AGGRESSIVE;
				CLANG_CXX_LANGUAGE_STANDARD = "gnu++14";
				CLANG_CXX_LIBRARY = "libc++";
				CLANG_ENABLE_MODULES = YES;
				CLANG_ENABLE_OBJC_ARC = YES;
				CLANG_ENABLE_OBJC_WEAK = YES;
				CLANG_WARN_BLOCK_CAPTURE_AUTORELEASING = YES;
				CLANG_WARN_BOOL_CONVERSION = YES;
				CLANG_WARN_COMMA = YES;
				CLANG_WARN_CONSTANT_CONVERSION = YES;
				CLANG_WARN_DEPRECATED_OBJC_IMPLEMENTATIONS = YES;
				CLANG_WARN_DIRECT_OBJC_ISA_USAGE = YES_ERROR;
				CLANG_WARN_DOCUMENTATION_COMMENTS = YES;
				CLANG_WARN_EMPTY_BODY = YES;
				CLANG_WARN_ENUM_CONVERSION = YES;
				CLANG_WARN_INFINITE_RECURSION = YES;
				CLANG_WARN_INT_CONVERSION = YES;
				CLANG_WARN_NON_LITERAL_NULL_CONVERSION = YES;
				CLANG_WARN_OBJC_IMPLICIT_RETAIN_SELF = YES;
				CLANG_WARN_OBJC_LITERAL_CONVERSION = YES;
				CLANG_WARN_OBJC_ROOT_CLASS = YES_ERROR;
				CLANG_WARN_RANGE_LOOP_ANALYSIS = YES;
				CLANG_WARN_STRICT_PROTOTYPES = YES;
				CLANG_WARN_SUSPICIOUS_MOVE = YES;
				CLANG_WARN_UNGUARDED_AVAILABILITY = YES_AGGRESSIVE;
				CLANG_WARN_UNREACHABLE_CODE = YES;
				CLANG_WARN__DUPLICATE_METHOD_MATCH = YES;
				CODE_SIGN_IDENTITY = "iPhone Developer";
				COPY_PHASE_STRIP = NO;
				DEBUG_INFORMATION_FORMAT = "dwarf-with-dsym";
				ENABLE_NS_ASSERTIONS = NO;
				ENABLE_STRICT_OBJC_MSGSEND = YES;
				GCC_C_LANGUAGE_STANDARD = gnu11;
				GCC_NO_COMMON_BLOCKS = YES;
				GCC_WARN_64_TO_32_BIT_CONVERSION = YES;
				GCC_WARN_ABOUT_RETURN_TYPE = YES_ERROR;
				GCC_WARN_UNDECLARED_SELECTOR = YES;
				GCC_WARN_UNINITIALIZED_AUTOS = YES_AGGRESSIVE;
				GCC_WARN_UNUSED_FUNCTION = YES;
				GCC_WARN_UNUSED_VARIABLE = YES;
				IPHONEOS_DEPLOYMENT_TARGET = 12.2;
				MTL_ENABLE_DEBUG_INFO = NO;
				MTL_FAST_MATH = YES;
				SDKROOT = iphoneos;
				SWIFT_COMPILATION_MODE = wholemodule;
				SWIFT_OPTIMIZATION_LEVEL = "-O";
				VALIDATE_PRODUCT = YES;
			};
			name = Release;
		};
		3CBF82F922CA39F60089A5BE /* Debug */ = {
			isa = XCBuildConfiguration;
			buildSettings = {
				ASSETCATALOG_COMPILER_APPICON_NAME = AppIcon;
				CODE_SIGN_STYLE = Automatic;
				DEVELOPMENT_TEAM = FKFGBBGDU2;
				INFOPLIST_FILE = DistopiaGame/Info.plist;
				LD_RUNPATH_SEARCH_PATHS = (
					"$(inherited)",
					"@executable_path/Frameworks",
				);
				PRODUCT_BUNDLE_IDENTIFIER = com.anthonygianeli.DistopiaGame;
				PRODUCT_NAME = "$(TARGET_NAME)";
				SWIFT_VERSION = 5.0;
				TARGETED_DEVICE_FAMILY = "1,2";
			};
			name = Debug;
		};
		3CBF82FA22CA39F60089A5BE /* Release */ = {
			isa = XCBuildConfiguration;
			buildSettings = {
				ASSETCATALOG_COMPILER_APPICON_NAME = AppIcon;
				CODE_SIGN_STYLE = Automatic;
				DEVELOPMENT_TEAM = FKFGBBGDU2;
				INFOPLIST_FILE = DistopiaGame/Info.plist;
				LD_RUNPATH_SEARCH_PATHS = (
					"$(inherited)",
					"@executable_path/Frameworks",
				);
				PRODUCT_BUNDLE_IDENTIFIER = com.anthonygianeli.DistopiaGame;
				PRODUCT_NAME = "$(TARGET_NAME)";
				SWIFT_VERSION = 5.0;
				TARGETED_DEVICE_FAMILY = "1,2";
			};
			name = Release;
		};
/* End XCBuildConfiguration section */

/* Begin XCConfigurationList section */
		3CBF82DB22CA39F40089A5BE /* Build configuration list for PBXProject "DistopiaGame" */ = {
			isa = XCConfigurationList;
			buildConfigurations = (
				3CBF82F622CA39F60089A5BE /* Debug */,
				3CBF82F722CA39F60089A5BE /* Release */,
			);
			defaultConfigurationIsVisible = 0;
			defaultConfigurationName = Release;
		};
		3CBF82F822CA39F60089A5BE /* Build configuration list for PBXNativeTarget "DistopiaGame" */ = {
			isa = XCConfigurationList;
			buildConfigurations = (
				3CBF82F922CA39F60089A5BE /* Debug */,
				3CBF82FA22CA39F60089A5BE /* Release */,
			);
			defaultConfigurationIsVisible = 0;
			defaultConfigurationName = Release;
		};
/* End XCConfigurationList section */
	};
	rootObject = 3CBF82D822CA39F40089A5BE /* Project object */;
}
